
Microsoft Visual Studio Solution File, Format Version 12.00
# Visual Studio 15
VisualStudioVersion = 15.0.28307.421
MinimumVisualStudioVersion = 10.0.40219.1
Project("{FAE04EC0-301F-11D3-BF4B-00C04F79EFBC}") = "Classes_Metodos", "Classes_Metodos\Classes_Metodos.csproj", "{42246712-4B26-409C-81D3-B0A84FA786EC}"
EndProject
Global
	GlobalSection(SolutionConfigurationPlatforms) = preSolution
		Debug|Any CPU = Debug|Any CPU
		Release|Any CPU = Release|Any CPU
	EndGlobalSection
	GlobalSection(ProjectConfigurationPlatforms) = postSolution
		{42246712-4B26-409C-81D3-B0A84FA786EC}.Debug|Any CPU.ActiveCfg = Debug|Any CPU
		{42246712-4B26-409C-81D3-B0A84FA786EC}.Debug|Any CPU.Build.0 = Debug|Any CPU
		{42246712-4B26-409C-81D3-B0A84FA786EC}.Release|Any CPU.ActiveCfg = Release|Any CPU
		{42246712-4B26-409C-81D3-B0A84FA786EC}.Release|Any CPU.Build.0 = Release|Any CPU
	EndGlobalSection
	GlobalSection(SolutionProperties) = preSolution
		HideSolutionNode = FALSE
	EndGlobalSection
	GlobalSection(ExtensibilityGlobals) = postSolution
		SolutionGuid = {CF18A8AD-3CFF-45CD-A9B1-7842C622970A}
	EndGlobalSection
EndGlobal
