
Microsoft Visual Studio Solution File, Format Version 12.00
# Visual Studio 15
VisualStudioVersion = 15.0.28307.421
MinimumVisualStudioVersion = 10.0.40219.1
Project("{E24C65DC-7377-472B-9ABA-BC803B73C61A}") = "PrimeiroSite", "PrimeiroSite\", "{158A4667-E9AA-4537-AECF-BE9122A94D1E}"
	ProjectSection(WebsiteProperties) = preProject
		TargetFrameworkMoniker = ".NETFramework,Version%3Dv4.5"
		Debug.AspNetCompiler.VirtualPath = "/localhost_50961"
		Debug.AspNetCompiler.PhysicalPath = "PrimeiroSite\"
		Debug.AspNetCompiler.TargetPath = "PrecompiledWeb\localhost_50961\"
		Debug.AspNetCompiler.Updateable = "true"
		Debug.AspNetCompiler.ForceOverwrite = "true"
		Debug.AspNetCompiler.FixedNames = "false"
		Debug.AspNetCompiler.Debug = "True"
		Release.AspNetCompiler.VirtualPath = "/localhost_50961"
		Release.AspNetCompiler.PhysicalPath = "PrimeiroSite\"
		Release.AspNetCompiler.TargetPath = "PrecompiledWeb\localhost_50961\"
		Release.AspNetCompiler.Updateable = "true"
		Release.AspNetCompiler.ForceOverwrite = "true"
		Release.AspNetCompiler.FixedNames = "false"
		Release.AspNetCompiler.Debug = "False"
		VWDPort = "50961"
		SlnRelativePath = "PrimeiroSite\"
		DefaultWebSiteLanguage = "Visual C#"
	EndProjectSection
EndProject
Global
	GlobalSection(SolutionConfigurationPlatforms) = preSolution
		Debug|Any CPU = Debug|Any CPU
	EndGlobalSection
	GlobalSection(ProjectConfigurationPlatforms) = postSolution
		{158A4667-E9AA-4537-AECF-BE9122A94D1E}.Debug|Any CPU.ActiveCfg = Debug|Any CPU
		{158A4667-E9AA-4537-AECF-BE9122A94D1E}.Debug|Any CPU.Build.0 = Debug|Any CPU
	EndGlobalSection
	GlobalSection(SolutionProperties) = preSolution
		HideSolutionNode = FALSE
	EndGlobalSection
	GlobalSection(ExtensibilityGlobals) = postSolution
		SolutionGuid = {65609F8E-2F29-4107-A6F2-511845333B13}
	EndGlobalSection
EndGlobal
