
Microsoft Visual Studio Solution File, Format Version 12.00
# Visual Studio 15
VisualStudioVersion = 15.0.28307.421
MinimumVisualStudioVersion = 10.0.40219.1
Project("{FAE04EC0-301F-11D3-BF4B-00C04F79EFBC}") = "ApagarPastasFicheiros", "ApagarPastasFicheiros\ApagarPastasFicheiros.csproj", "{DDD8DB30-727F-4E95-844B-23492B2AC55B}"
EndProject
Global
	GlobalSection(SolutionConfigurationPlatforms) = preSolution
		Debug|Any CPU = Debug|Any CPU
		Release|Any CPU = Release|Any CPU
	EndGlobalSection
	GlobalSection(ProjectConfigurationPlatforms) = postSolution
		{DDD8DB30-727F-4E95-844B-23492B2AC55B}.Debug|Any CPU.ActiveCfg = Debug|Any CPU
		{DDD8DB30-727F-4E95-844B-23492B2AC55B}.Debug|Any CPU.Build.0 = Debug|Any CPU
		{DDD8DB30-727F-4E95-844B-23492B2AC55B}.Release|Any CPU.ActiveCfg = Release|Any CPU
		{DDD8DB30-727F-4E95-844B-23492B2AC55B}.Release|Any CPU.Build.0 = Release|Any CPU
	EndGlobalSection
	GlobalSection(SolutionProperties) = preSolution
		HideSolutionNode = FALSE
	EndGlobalSection
	GlobalSection(ExtensibilityGlobals) = postSolution
		SolutionGuid = {6D3F08B6-DFFF-43F2-896C-048E207EA687}
	EndGlobalSection
EndGlobal
