
Microsoft Visual Studio Solution File, Format Version 12.00
# Visual Studio 15
VisualStudioVersion = 15.0.28307.421
MinimumVisualStudioVersion = 10.0.40219.1
Project("{FAE04EC0-301F-11D3-BF4B-00C04F79EFBC}") = "GestorBD", "GestorBD\GestorBD.csproj", "{15C4139C-7AAC-457B-AA15-6659B97C352C}"
EndProject
Global
	GlobalSection(SolutionConfigurationPlatforms) = preSolution
		Debug|Any CPU = Debug|Any CPU
		Release|Any CPU = Release|Any CPU
	EndGlobalSection
	GlobalSection(ProjectConfigurationPlatforms) = postSolution
		{15C4139C-7AAC-457B-AA15-6659B97C352C}.Debug|Any CPU.ActiveCfg = Debug|Any CPU
		{15C4139C-7AAC-457B-AA15-6659B97C352C}.Debug|Any CPU.Build.0 = Debug|Any CPU
		{15C4139C-7AAC-457B-AA15-6659B97C352C}.Release|Any CPU.ActiveCfg = Release|Any CPU
		{15C4139C-7AAC-457B-AA15-6659B97C352C}.Release|Any CPU.Build.0 = Release|Any CPU
	EndGlobalSection
	GlobalSection(SolutionProperties) = preSolution
		HideSolutionNode = FALSE
	EndGlobalSection
	GlobalSection(ExtensibilityGlobals) = postSolution
		SolutionGuid = {8FD4FD2E-09F5-4296-9BF1-D91996CD214F}
	EndGlobalSection
EndGlobal
