
Microsoft Visual Studio Solution File, Format Version 12.00
# Visual Studio 15
VisualStudioVersion = 15.0.28307.421
MinimumVisualStudioVersion = 10.0.40219.1
Project("{FAE04EC0-301F-11D3-BF4B-00C04F79EFBC}") = "PrimeiraAplicacao", "PrimeiraAplicacao\PrimeiraAplicacao.csproj", "{0571315C-31EB-4A0E-B1FD-55039D05E4A9}"
EndProject
Global
	GlobalSection(SolutionConfigurationPlatforms) = preSolution
		Debug|Any CPU = Debug|Any CPU
		Release|Any CPU = Release|Any CPU
	EndGlobalSection
	GlobalSection(ProjectConfigurationPlatforms) = postSolution
		{0571315C-31EB-4A0E-B1FD-55039D05E4A9}.Debug|Any CPU.ActiveCfg = Debug|Any CPU
		{0571315C-31EB-4A0E-B1FD-55039D05E4A9}.Debug|Any CPU.Build.0 = Debug|Any CPU
		{0571315C-31EB-4A0E-B1FD-55039D05E4A9}.Release|Any CPU.ActiveCfg = Release|Any CPU
		{0571315C-31EB-4A0E-B1FD-55039D05E4A9}.Release|Any CPU.Build.0 = Release|Any CPU
	EndGlobalSection
	GlobalSection(SolutionProperties) = preSolution
		HideSolutionNode = FALSE
	EndGlobalSection
	GlobalSection(ExtensibilityGlobals) = postSolution
		SolutionGuid = {9ACD825F-BD90-45CD-AC74-5876FA11DC81}
	EndGlobalSection
EndGlobal
