
Microsoft Visual Studio Solution File, Format Version 12.00
# Visual Studio 15
VisualStudioVersion = 15.0.28307.421
MinimumVisualStudioVersion = 10.0.40219.1
Project("{E24C65DC-7377-472B-9ABA-BC803B73C61A}") = "formulario", "formulario\", "{03D14C43-B235-4919-951A-7D2CFA65B803}"
	ProjectSection(WebsiteProperties) = preProject
		TargetFrameworkMoniker = ".NETFramework,Version%3Dv4.5"
		Debug.AspNetCompiler.VirtualPath = "/localhost_58039"
		Debug.AspNetCompiler.PhysicalPath = "formulario\"
		Debug.AspNetCompiler.TargetPath = "PrecompiledWeb\localhost_58039\"
		Debug.AspNetCompiler.Updateable = "true"
		Debug.AspNetCompiler.ForceOverwrite = "true"
		Debug.AspNetCompiler.FixedNames = "false"
		Debug.AspNetCompiler.Debug = "True"
		Release.AspNetCompiler.VirtualPath = "/localhost_58039"
		Release.AspNetCompiler.PhysicalPath = "formulario\"
		Release.AspNetCompiler.TargetPath = "PrecompiledWeb\localhost_58039\"
		Release.AspNetCompiler.Updateable = "true"
		Release.AspNetCompiler.ForceOverwrite = "true"
		Release.AspNetCompiler.FixedNames = "false"
		Release.AspNetCompiler.Debug = "False"
		VWDPort = "58039"
		SlnRelativePath = "formulario\"
		DefaultWebSiteLanguage = "Visual C#"
	EndProjectSection
EndProject
Global
	GlobalSection(SolutionConfigurationPlatforms) = preSolution
		Debug|Any CPU = Debug|Any CPU
	EndGlobalSection
	GlobalSection(ProjectConfigurationPlatforms) = postSolution
		{03D14C43-B235-4919-951A-7D2CFA65B803}.Debug|Any CPU.ActiveCfg = Debug|Any CPU
		{03D14C43-B235-4919-951A-7D2CFA65B803}.Debug|Any CPU.Build.0 = Debug|Any CPU
	EndGlobalSection
	GlobalSection(SolutionProperties) = preSolution
		HideSolutionNode = FALSE
	EndGlobalSection
	GlobalSection(ExtensibilityGlobals) = postSolution
		SolutionGuid = {26322C67-4F29-47F4-B5A6-62BF6C60D309}
	EndGlobalSection
EndGlobal
