
Microsoft Visual Studio Solution File, Format Version 12.00
# Visual Studio 15
VisualStudioVersion = 15.0.28307.421
MinimumVisualStudioVersion = 10.0.40219.1
Project("{FAE04EC0-301F-11D3-BF4B-00C04F79EFBC}") = "Strings", "Strings\Strings.csproj", "{A2EB5625-9DAE-4210-81EA-29977C56F50B}"
EndProject
Global
	GlobalSection(SolutionConfigurationPlatforms) = preSolution
		Debug|Any CPU = Debug|Any CPU
		Release|Any CPU = Release|Any CPU
	EndGlobalSection
	GlobalSection(ProjectConfigurationPlatforms) = postSolution
		{A2EB5625-9DAE-4210-81EA-29977C56F50B}.Debug|Any CPU.ActiveCfg = Debug|Any CPU
		{A2EB5625-9DAE-4210-81EA-29977C56F50B}.Debug|Any CPU.Build.0 = Debug|Any CPU
		{A2EB5625-9DAE-4210-81EA-29977C56F50B}.Release|Any CPU.ActiveCfg = Release|Any CPU
		{A2EB5625-9DAE-4210-81EA-29977C56F50B}.Release|Any CPU.Build.0 = Release|Any CPU
	EndGlobalSection
	GlobalSection(SolutionProperties) = preSolution
		HideSolutionNode = FALSE
	EndGlobalSection
	GlobalSection(ExtensibilityGlobals) = postSolution
		SolutionGuid = {4313EC76-33EA-4EE3-A559-B7C75E1AFEB1}
	EndGlobalSection
EndGlobal
