
Microsoft Visual Studio Solution File, Format Version 12.00
# Visual Studio 15
VisualStudioVersion = 15.0.28307.421
MinimumVisualStudioVersion = 10.0.40219.1
Project("{E24C65DC-7377-472B-9ABA-BC803B73C61A}") = "WebSiteRazor", "WebSiteRazor\", "{0872ECA9-685C-41C2-97F6-F84DCA3CC974}"
	ProjectSection(WebsiteProperties) = preProject
		TargetFrameworkMoniker = ".NETFramework,Version%3Dv4.5"
		Debug.AspNetCompiler.VirtualPath = "/localhost_51153"
		Debug.AspNetCompiler.PhysicalPath = "WebSiteRazor\"
		Debug.AspNetCompiler.TargetPath = "PrecompiledWeb\localhost_51153\"
		Debug.AspNetCompiler.Updateable = "true"
		Debug.AspNetCompiler.ForceOverwrite = "true"
		Debug.AspNetCompiler.FixedNames = "false"
		Debug.AspNetCompiler.Debug = "True"
		Release.AspNetCompiler.VirtualPath = "/localhost_51153"
		Release.AspNetCompiler.PhysicalPath = "WebSiteRazor\"
		Release.AspNetCompiler.TargetPath = "PrecompiledWeb\localhost_51153\"
		Release.AspNetCompiler.Updateable = "true"
		Release.AspNetCompiler.ForceOverwrite = "true"
		Release.AspNetCompiler.FixedNames = "false"
		Release.AspNetCompiler.Debug = "False"
		VWDPort = "51153"
		SlnRelativePath = "WebSiteRazor\"
		DefaultWebSiteLanguage = "Visual C#"
	EndProjectSection
EndProject
Global
	GlobalSection(SolutionConfigurationPlatforms) = preSolution
		Debug|Any CPU = Debug|Any CPU
	EndGlobalSection
	GlobalSection(ProjectConfigurationPlatforms) = postSolution
		{0872ECA9-685C-41C2-97F6-F84DCA3CC974}.Debug|Any CPU.ActiveCfg = Debug|Any CPU
		{0872ECA9-685C-41C2-97F6-F84DCA3CC974}.Debug|Any CPU.Build.0 = Debug|Any CPU
	EndGlobalSection
	GlobalSection(SolutionProperties) = preSolution
		HideSolutionNode = FALSE
	EndGlobalSection
	GlobalSection(ExtensibilityGlobals) = postSolution
		SolutionGuid = {5840BFEA-1759-4E68-A9E5-FB92AD30D091}
	EndGlobalSection
EndGlobal
