
Microsoft Visual Studio Solution File, Format Version 12.00
# Visual Studio 15
VisualStudioVersion = 15.0.28307.421
MinimumVisualStudioVersion = 10.0.40219.1
Project("{FAE04EC0-301F-11D3-BF4B-00C04F79EFBC}") = "datahora", "datahora\datahora.csproj", "{68B00433-9883-4C5B-B4CF-1AFECFBD406D}"
EndProject
Global
	GlobalSection(SolutionConfigurationPlatforms) = preSolution
		Debug|Any CPU = Debug|Any CPU
		Release|Any CPU = Release|Any CPU
	EndGlobalSection
	GlobalSection(ProjectConfigurationPlatforms) = postSolution
		{68B00433-9883-4C5B-B4CF-1AFECFBD406D}.Debug|Any CPU.ActiveCfg = Debug|Any CPU
		{68B00433-9883-4C5B-B4CF-1AFECFBD406D}.Debug|Any CPU.Build.0 = Debug|Any CPU
		{68B00433-9883-4C5B-B4CF-1AFECFBD406D}.Release|Any CPU.ActiveCfg = Release|Any CPU
		{68B00433-9883-4C5B-B4CF-1AFECFBD406D}.Release|Any CPU.Build.0 = Release|Any CPU
	EndGlobalSection
	GlobalSection(SolutionProperties) = preSolution
		HideSolutionNode = FALSE
	EndGlobalSection
	GlobalSection(ExtensibilityGlobals) = postSolution
		SolutionGuid = {14E7D545-488D-4F5C-877B-218E2480EA6E}
	EndGlobalSection
EndGlobal
