
Microsoft Visual Studio Solution File, Format Version 12.00
# Visual Studio 15
VisualStudioVersion = 15.0.28307.421
MinimumVisualStudioVersion = 10.0.40219.1
Project("{FAE04EC0-301F-11D3-BF4B-00C04F79EFBC}") = "mdiprojeto", "mdiprojeto\mdiprojeto.csproj", "{9D0866EF-47EA-459B-AE22-0F002B855A7A}"
EndProject
Global
	GlobalSection(SolutionConfigurationPlatforms) = preSolution
		Debug|Any CPU = Debug|Any CPU
		Release|Any CPU = Release|Any CPU
	EndGlobalSection
	GlobalSection(ProjectConfigurationPlatforms) = postSolution
		{9D0866EF-47EA-459B-AE22-0F002B855A7A}.Debug|Any CPU.ActiveCfg = Debug|Any CPU
		{9D0866EF-47EA-459B-AE22-0F002B855A7A}.Debug|Any CPU.Build.0 = Debug|Any CPU
		{9D0866EF-47EA-459B-AE22-0F002B855A7A}.Release|Any CPU.ActiveCfg = Release|Any CPU
		{9D0866EF-47EA-459B-AE22-0F002B855A7A}.Release|Any CPU.Build.0 = Release|Any CPU
	EndGlobalSection
	GlobalSection(SolutionProperties) = preSolution
		HideSolutionNode = FALSE
	EndGlobalSection
	GlobalSection(ExtensibilityGlobals) = postSolution
		SolutionGuid = {6D0F5C24-2B9D-43D8-B0D1-7669991016B0}
	EndGlobalSection
EndGlobal
