
Microsoft Visual Studio Solution File, Format Version 12.00
# Visual Studio 15
VisualStudioVersion = 15.0.28307.421
MinimumVisualStudioVersion = 10.0.40219.1
Project("{E24C65DC-7377-472B-9ABA-BC803B73C61A}") = "Detalhes", "Detalhes\", "{0E9B14A8-3F84-47FD-938B-0707656C183B}"
	ProjectSection(WebsiteProperties) = preProject
		TargetFrameworkMoniker = ".NETFramework,Version%3Dv4.5"
		Debug.AspNetCompiler.VirtualPath = "/localhost_54558"
		Debug.AspNetCompiler.PhysicalPath = "Detalhes\"
		Debug.AspNetCompiler.TargetPath = "PrecompiledWeb\localhost_54558\"
		Debug.AspNetCompiler.Updateable = "true"
		Debug.AspNetCompiler.ForceOverwrite = "true"
		Debug.AspNetCompiler.FixedNames = "false"
		Debug.AspNetCompiler.Debug = "True"
		Release.AspNetCompiler.VirtualPath = "/localhost_54558"
		Release.AspNetCompiler.PhysicalPath = "Detalhes\"
		Release.AspNetCompiler.TargetPath = "PrecompiledWeb\localhost_54558\"
		Release.AspNetCompiler.Updateable = "true"
		Release.AspNetCompiler.ForceOverwrite = "true"
		Release.AspNetCompiler.FixedNames = "false"
		Release.AspNetCompiler.Debug = "False"
		VWDPort = "54558"
		SlnRelativePath = "Detalhes\"
		DefaultWebSiteLanguage = "Visual C#"
	EndProjectSection
EndProject
Global
	GlobalSection(SolutionConfigurationPlatforms) = preSolution
		Debug|Any CPU = Debug|Any CPU
	EndGlobalSection
	GlobalSection(ProjectConfigurationPlatforms) = postSolution
		{0E9B14A8-3F84-47FD-938B-0707656C183B}.Debug|Any CPU.ActiveCfg = Debug|Any CPU
		{0E9B14A8-3F84-47FD-938B-0707656C183B}.Debug|Any CPU.Build.0 = Debug|Any CPU
	EndGlobalSection
	GlobalSection(SolutionProperties) = preSolution
		HideSolutionNode = FALSE
	EndGlobalSection
	GlobalSection(ExtensibilityGlobals) = postSolution
		SolutionGuid = {46973E26-3556-4D3E-9129-8FAE826CB326}
	EndGlobalSection
EndGlobal
