
Microsoft Visual Studio Solution File, Format Version 12.00
# Visual Studio 15
VisualStudioVersion = 15.0.28307.421
MinimumVisualStudioVersion = 10.0.40219.1
Project("{FAE04EC0-301F-11D3-BF4B-00C04F79EFBC}") = "TipoDeLetra", "TipoDeLetra\TipoDeLetra.csproj", "{E05D2CA1-DCF5-4DE4-BC7D-2D755DBFBB75}"
EndProject
Global
	GlobalSection(SolutionConfigurationPlatforms) = preSolution
		Debug|Any CPU = Debug|Any CPU
		Release|Any CPU = Release|Any CPU
	EndGlobalSection
	GlobalSection(ProjectConfigurationPlatforms) = postSolution
		{E05D2CA1-DCF5-4DE4-BC7D-2D755DBFBB75}.Debug|Any CPU.ActiveCfg = Debug|Any CPU
		{E05D2CA1-DCF5-4DE4-BC7D-2D755DBFBB75}.Debug|Any CPU.Build.0 = Debug|Any CPU
		{E05D2CA1-DCF5-4DE4-BC7D-2D755DBFBB75}.Release|Any CPU.ActiveCfg = Release|Any CPU
		{E05D2CA1-DCF5-4DE4-BC7D-2D755DBFBB75}.Release|Any CPU.Build.0 = Release|Any CPU
	EndGlobalSection
	GlobalSection(SolutionProperties) = preSolution
		HideSolutionNode = FALSE
	EndGlobalSection
	GlobalSection(ExtensibilityGlobals) = postSolution
		SolutionGuid = {CE2A1C28-1CC5-4849-8EE7-DC03825A2F33}
	EndGlobalSection
EndGlobal
