
Microsoft Visual Studio Solution File, Format Version 12.00
# Visual Studio 15
VisualStudioVersion = 15.0.28307.421
MinimumVisualStudioVersion = 10.0.40219.1
Project("{FAE04EC0-301F-11D3-BF4B-00C04F79EFBC}") = "Encapsulamento", "Encapsulamento\Encapsulamento.csproj", "{FBF63BC1-98A7-4B18-8DF7-09546A9F8DFA}"
EndProject
Global
	GlobalSection(SolutionConfigurationPlatforms) = preSolution
		Debug|Any CPU = Debug|Any CPU
		Release|Any CPU = Release|Any CPU
	EndGlobalSection
	GlobalSection(ProjectConfigurationPlatforms) = postSolution
		{FBF63BC1-98A7-4B18-8DF7-09546A9F8DFA}.Debug|Any CPU.ActiveCfg = Debug|Any CPU
		{FBF63BC1-98A7-4B18-8DF7-09546A9F8DFA}.Debug|Any CPU.Build.0 = Debug|Any CPU
		{FBF63BC1-98A7-4B18-8DF7-09546A9F8DFA}.Release|Any CPU.ActiveCfg = Release|Any CPU
		{FBF63BC1-98A7-4B18-8DF7-09546A9F8DFA}.Release|Any CPU.Build.0 = Release|Any CPU
	EndGlobalSection
	GlobalSection(SolutionProperties) = preSolution
		HideSolutionNode = FALSE
	EndGlobalSection
	GlobalSection(ExtensibilityGlobals) = postSolution
		SolutionGuid = {CB21B5FF-C97B-4E05-ABBF-78D04FFEA90F}
	EndGlobalSection
EndGlobal
