
Microsoft Visual Studio Solution File, Format Version 12.00
# Visual Studio 15
VisualStudioVersion = 15.0.28307.421
MinimumVisualStudioVersion = 10.0.40219.1
Project("{FAE04EC0-301F-11D3-BF4B-00C04F79EFBC}") = "CamposPropiedades", "CamposPropiedades\CamposPropiedades.csproj", "{BF53101E-5ACE-4AE2-8741-5869C005A069}"
EndProject
Global
	GlobalSection(SolutionConfigurationPlatforms) = preSolution
		Debug|Any CPU = Debug|Any CPU
		Release|Any CPU = Release|Any CPU
	EndGlobalSection
	GlobalSection(ProjectConfigurationPlatforms) = postSolution
		{BF53101E-5ACE-4AE2-8741-5869C005A069}.Debug|Any CPU.ActiveCfg = Debug|Any CPU
		{BF53101E-5ACE-4AE2-8741-5869C005A069}.Debug|Any CPU.Build.0 = Debug|Any CPU
		{BF53101E-5ACE-4AE2-8741-5869C005A069}.Release|Any CPU.ActiveCfg = Release|Any CPU
		{BF53101E-5ACE-4AE2-8741-5869C005A069}.Release|Any CPU.Build.0 = Release|Any CPU
	EndGlobalSection
	GlobalSection(SolutionProperties) = preSolution
		HideSolutionNode = FALSE
	EndGlobalSection
	GlobalSection(ExtensibilityGlobals) = postSolution
		SolutionGuid = {8A95DAD7-4A07-49FA-8C2C-7F9056A168C0}
	EndGlobalSection
EndGlobal
